Microsoft Visual Studio Solution File, Format Version 12.00
# Visual Studio Version 17
VisualStudioVersion = 17.5.2.0
MinimumVisualStudioVersion = 10.0.40219.1
Project("{FAE04EC0-301F-11D3-BF4B-00C04F79EFBC}") = "extract-slip-api", "extract-slip-api\extract-slip-api.csproj", "{850AE16E-CA3F-DFD8-0632-D4A3F55C6572}"
EndProject
Global
	GlobalSection(SolutionConfigurationPlatforms) = preSolution
		Debug|Any CPU = Debug|Any CPU
		Release|Any CPU = Release|Any CPU
	EndGlobalSection
	GlobalSection(ProjectConfigurationPlatforms) = postSolution
		{850AE16E-CA3F-DFD8-0632-D4A3F55C6572}.Debug|Any CPU.ActiveCfg = Debug|Any CPU
		{850AE16E-CA3F-DFD8-0632-D4A3F55C6572}.Debug|Any CPU.Build.0 = Debug|Any CPU
		{850AE16E-CA3F-DFD8-0632-D4A3F55C6572}.Release|Any CPU.ActiveCfg = Release|Any CPU
		{850AE16E-CA3F-DFD8-0632-D4A3F55C6572}.Release|Any CPU.Build.0 = Release|Any CPU
	EndGlobalSection
	GlobalSection(SolutionProperties) = preSolution
		HideSolutionNode = FALSE
	EndGlobalSection
	GlobalSection(ExtensibilityGlobals) = postSolution
		SolutionGuid = {17FE7408-4656-4CC4-8389-1DFE0B6CFDEF}
	EndGlobalSection
EndGlobal
