Microsoft Visual Studio Solution File, Format Version 12.00
# Visual Studio Version 17
VisualStudioVersion = 17.5.2.0
MinimumVisualStudioVersion = 10.0.40219.1
Project("{FAE04EC0-301F-11D3-BF4B-00C04F79EFBC}") = "extract-slip-api", "extract-slip-api.csproj", "{F5C7A277-F6B5-2057-09D0-1C7C2A047E04}"
EndProject
Global
	GlobalSection(SolutionConfigurationPlatforms) = preSolution
		Debug|Any CPU = Debug|Any CPU
		Release|Any CPU = Release|Any CPU
	EndGlobalSection
	GlobalSection(ProjectConfigurationPlatforms) = postSolution
		{F5C7A277-F6B5-2057-09D0-1C7C2A047E04}.Debug|Any CPU.ActiveCfg = Debug|Any CPU
		{F5C7A277-F6B5-2057-09D0-1C7C2A047E04}.Debug|Any CPU.Build.0 = Debug|Any CPU
		{F5C7A277-F6B5-2057-09D0-1C7C2A047E04}.Release|Any CPU.ActiveCfg = Release|Any CPU
		{F5C7A277-F6B5-2057-09D0-1C7C2A047E04}.Release|Any CPU.Build.0 = Release|Any CPU
	EndGlobalSection
	GlobalSection(SolutionProperties) = preSolution
		HideSolutionNode = FALSE
	EndGlobalSection
	GlobalSection(ExtensibilityGlobals) = postSolution
		SolutionGuid = {189E9FAC-A6BB-4E82-8629-FF6847A8ACFF}
	EndGlobalSection
EndGlobal
